
Microsoft Visual Studio Solution File, Format Version 12.00
# Visual Studio Version 17
VisualStudioVersion = 17.12.35527.113 d17.12
MinimumVisualStudioVersion = 10.0.40219.1
Project("{FAE04EC0-301F-11D3-BF4B-00C04F79EFBC}") = "Final#CFF.Core", "Final#CFF.Core\Final#CFF.Core.csproj", "{76659D57-A8C3-4066-B528-5245032727A1}"
EndProject
Project("{FAE04EC0-301F-11D3-BF4B-00C04F79EFBC}") = "Final#CFF.DAL", "Final#CFF.DAL\Final#CFF.DAL.csproj", "{916805E8-8316-415C-A913-E1D805BB2499}"
EndProject
Project("{FAE04EC0-301F-11D3-BF4B-00C04F79EFBC}") = "Final#CFF.BL", "Final#CFF.BL\Final#CFF.BL.csproj", "{A4D6A431-9A97-4C11-B4E5-DF5568312F7E}"
EndProject
Project("{FAE04EC0-301F-11D3-BF4B-00C04F79EFBC}") = "Final#CFF.API", "Final#CFF.API\Final#CFF.API.csproj", "{383AD811-927A-4865-9257-0F5D697DCD9C}"
EndProject
Global
	GlobalSection(SolutionConfigurationPlatforms) = preSolution
		Debug|Any CPU = Debug|Any CPU
		Release|Any CPU = Release|Any CPU
	EndGlobalSection
	GlobalSection(ProjectConfigurationPlatforms) = postSolution
		{76659D57-A8C3-4066-B528-5245032727A1}.Debug|Any CPU.ActiveCfg = Debug|Any CPU
		{76659D57-A8C3-4066-B528-5245032727A1}.Debug|Any CPU.Build.0 = Debug|Any CPU
		{76659D57-A8C3-4066-B528-5245032727A1}.Release|Any CPU.ActiveCfg = Release|Any CPU
		{76659D57-A8C3-4066-B528-5245032727A1}.Release|Any CPU.Build.0 = Release|Any CPU
		{916805E8-8316-415C-A913-E1D805BB2499}.Debug|Any CPU.ActiveCfg = Debug|Any CPU
		{916805E8-8316-415C-A913-E1D805BB2499}.Debug|Any CPU.Build.0 = Debug|Any CPU
		{916805E8-8316-415C-A913-E1D805BB2499}.Release|Any CPU.ActiveCfg = Release|Any CPU
		{916805E8-8316-415C-A913-E1D805BB2499}.Release|Any CPU.Build.0 = Release|Any CPU
		{A4D6A431-9A97-4C11-B4E5-DF5568312F7E}.Debug|Any CPU.ActiveCfg = Debug|Any CPU
		{A4D6A431-9A97-4C11-B4E5-DF5568312F7E}.Debug|Any CPU.Build.0 = Debug|Any CPU
		{A4D6A431-9A97-4C11-B4E5-DF5568312F7E}.Release|Any CPU.ActiveCfg = Release|Any CPU
		{A4D6A431-9A97-4C11-B4E5-DF5568312F7E}.Release|Any CPU.Build.0 = Release|Any CPU
		{383AD811-927A-4865-9257-0F5D697DCD9C}.Debug|Any CPU.ActiveCfg = Debug|Any CPU
		{383AD811-927A-4865-9257-0F5D697DCD9C}.Debug|Any CPU.Build.0 = Debug|Any CPU
		{383AD811-927A-4865-9257-0F5D697DCD9C}.Release|Any CPU.ActiveCfg = Release|Any CPU
		{383AD811-927A-4865-9257-0F5D697DCD9C}.Release|Any CPU.Build.0 = Release|Any CPU
	EndGlobalSection
	GlobalSection(SolutionProperties) = preSolution
		HideSolutionNode = FALSE
	EndGlobalSection
EndGlobal
